// !$*UTF8*$!
{
	archiveVersion = 1;
	classes = {
	};
	objectVersion = 50;
	objects = {

/* Begin PBXBuildFile section */
		2EE2DA36258D95D100C88FC9 /* AppDelegate.swift in Sources */ = {isa = PBXBuildFile; fileRef = 2EE2DA35258D95D100C88FC9 /* AppDelegate.swift */; };
		2EE2DA38258D95D100C88FC9 /* SceneDelegate.swift in Sources */ = {isa = PBXBuildFile; fileRef = 2EE2DA37258D95D100C88FC9 /* SceneDelegate.swift */; };
		2EE2DA3A258D95D100C88FC9 /* ViewController.swift in Sources */ = {isa = PBXBuildFile; fileRef = 2EE2DA39258D95D100C88FC9 /* ViewController.swift */; };
		2EE2DA3D258D95D100C88FC9 /* Main.storyboard in Resources */ = {isa = PBXBuildFile; fileRef = 2EE2DA3B258D95D100C88FC9 /* Main.storyboard */; };
		2EE2DA3F258D95D100C88FC9 /* Assets.xcassets in Resources */ = {isa = PBXBuildFile; fileRef = 2EE2DA3E258D95D100C88FC9 /* Assets.xcassets */; };
		2EE2DA42258D95D100C88FC9 /* LaunchScreen.storyboard in Resources */ = {isa = PBXBuildFile; fileRef = 2EE2DA40258D95D100C88FC9 /* LaunchScreen.storyboard */; };
		2EE2DA4D258D95D200C88FC9 /* ElementQuizTests.swift in Sources */ = {isa = PBXBuildFile; fileRef = 2EE2DA4C258D95D200C88FC9 /* ElementQuizTests.swift */; };
		2EE2DA58258D95D200C88FC9 /* ElementQuizUITests.swift in Sources */ = {isa = PBXBuildFile; fileRef = 2EE2DA57258D95D200C88FC9 /* ElementQuizUITests.swift */; };
/* End PBXBuildFile section */

/* Begin PBXContainerItemProxy section */
		2EE2DA49258D95D200C88FC9 /* PBXContainerItemProxy */ = {
			isa = PBXContainerItemProxy;
			containerPortal = 2EE2DA2A258D95D100C88FC9 /* Project object */;
			proxyType = 1;
			remoteGlobalIDString = 2EE2DA31258D95D100C88FC9;
			remoteInfo = ElementQuiz;
		};
		2EE2DA54258D95D200C88FC9 /* PBXContainerItemProxy */ = {
			isa = PBXContainerItemProxy;
			containerPortal = 2EE2DA2A258D95D100C88FC9 /* Project object */;
			proxyType = 1;
			remoteGlobalIDString = 2EE2DA31258D95D100C88FC9;
			remoteInfo = ElementQuiz;
		};
/* End PBXContainerItemProxy section */

/* Begin PBXFileReference section */
		2EE2DA32258D95D100C88FC9 /* ElementQuiz.app */ = {isa = PBXFileReference; explicitFileType = wrapper.application; includeInIndex = 0; path = ElementQuiz.app; sourceTree = BUILT_PRODUCTS_DIR; };
		2EE2DA35258D95D100C88FC9 /* AppDelegate.swift */ = {isa = PBXFileReference; lastKnownFileType = sourcecode.swift; path = AppDelegate.swift; sourceTree = "<group>"; };
		2EE2DA37258D95D100C88FC9 /* SceneDelegate.swift */ = {isa = PBXFileReference; lastKnownFileType = sourcecode.swift; path = SceneDelegate.swift; sourceTree = "<group>"; };
		2EE2DA39258D95D100C88FC9 /* ViewController.swift */ = {isa = PBXFileReference; lastKnownFileType = sourcecode.swift; path = ViewController.swift; sourceTree = "<group>"; };
		2EE2DA3C258D95D100C88FC9 /* Base */ = {isa = PBXFileReference; lastKnownFileType = file.storyboard; name = Base; path = Base.lproj/Main.storyboard; sourceTree = "<group>"; };
		2EE2DA3E258D95D100C88FC9 /* Assets.xcassets */ = {isa = PBXFileReference; lastKnownFileType = folder.assetcatalog; path = Assets.xcassets; sourceTree = "<group>"; };
		2EE2DA41258D95D100C88FC9 /* Base */ = {isa = PBXFileReference; lastKnownFileType = file.storyboard; name = Base; path = Base.lproj/LaunchScreen.storyboard; sourceTree = "<group>"; };
		2EE2DA43258D95D100C88FC9 /* Info.plist */ = {isa = PBXFileReference; lastKnownFileType = text.plist.xml; path = Info.plist; sourceTree = "<group>"; };
		2EE2DA48258D95D200C88FC9 /* ElementQuizTests.xctest */ = {isa = PBXFileReference; explicitFileType = wrapper.cfbundle; includeInIndex = 0; path = ElementQuizTests.xctest; sourceTree = BUILT_PRODUCTS_DIR; };
		2EE2DA4C258D95D200C88FC9 /* ElementQuizTests.swift */ = {isa = PBXFileReference; lastKnownFileType = sourcecode.swift; path = ElementQuizTests.swift; sourceTree = "<group>"; };
		2EE2DA4E258D95D200C88FC9 /* Info.plist */ = {isa = PBXFileReference; lastKnownFileType = text.plist.xml; path = Info.plist; sourceTree = "<group>"; };
		2EE2DA53258D95D200C88FC9 /* ElementQuizUITests.xctest */ = {isa = PBXFileReference; explicitFileType = wrapper.cfbundle; includeInIndex = 0; path = ElementQuizUITests.xctest; sourceTree = BUILT_PRODUCTS_DIR; };
		2EE2DA57258D95D200C88FC9 /* ElementQuizUITests.swift */ = {isa = PBXFileReference; lastKnownFileType = sourcecode.swift; path = ElementQuizUITests.swift; sourceTree = "<group>"; };
		2EE2DA59258D95D200C88FC9 /* Info.plist */ = {isa = PBXFileReference; lastKnownFileType = text.plist.xml; path = Info.plist; sourceTree = "<group>"; };
/* End PBXFileReference section */

/* Begin PBXFrameworksBuildPhase section */
		2EE2DA2F258D95D100C88FC9 /* Frameworks */ = {
			isa = PBXFrameworksBuildPhase;
			buildActionMask = 2147483647;
			files = (
			);
			runOnlyForDeploymentPostprocessing = 0;
		};
		2EE2DA45258D95D200C88FC9 /* Frameworks */ = {
			isa = PBXFrameworksBuildPhase;
			buildActionMask = 2147483647;
			files = (
			);
			runOnlyForDeploymentPostprocessing = 0;
		};
		2EE2DA50258D95D200C88FC9 /* Frameworks */ = {
			isa = PBXFrameworksBuildPhase;
			buildActionMask = 2147483647;
			files = (
			);
			runOnlyForDeploymentPostprocessing = 0;
		};
/* End PBXFrameworksBuildPhase section */

/* Begin PBXGroup section */
		2EE2DA29258D95D100C88FC9 = {
			isa = PBXGroup;
			children = (
				2EE2DA34258D95D100C88FC9 /* ElementQuiz */,
				2EE2DA4B258D95D200C88FC9 /* ElementQuizTests */,
				2EE2DA56258D95D200C88FC9 /* ElementQuizUITests */,
				2EE2DA33258D95D100C88FC9 /* Products */,
			);
			sourceTree = "<group>";
		};
		2EE2DA33258D95D100C88FC9 /* Products */ = {
			isa = PBXGroup;
			children = (
				2EE2DA32258D95D100C88FC9 /* ElementQuiz.app */,
				2EE2DA48258D95D200C88FC9 /* ElementQuizTests.xctest */,
				2EE2DA53258D95D200C88FC9 /* ElementQuizUITests.xctest */,
			);
			name = Products;
			sourceTree = "<group>";
		};
		2EE2DA34258D95D100C88FC9 /* ElementQuiz */ = {
			isa = PBXGroup;
			children = (
				2EE2DA35258D95D100C88FC9 /* AppDelegate.swift */,
				2EE2DA37258D95D100C88FC9 /* SceneDelegate.swift */,
				2EE2DA39258D95D100C88FC9 /* ViewController.swift */,
				2EE2DA3B258D95D100C88FC9 /* Main.storyboard */,
				2EE2DA3E258D95D100C88FC9 /* Assets.xcassets */,
				2EE2DA40258D95D100C88FC9 /* LaunchScreen.storyboard */,
				2EE2DA43258D95D100C88FC9 /* Info.plist */,
			);
			path = ElementQuiz;
			sourceTree = "<group>";
		};
		2EE2DA4B258D95D200C88FC9 /* ElementQuizTests */ = {
			isa = PBXGroup;
			children = (
				2EE2DA4C258D95D200C88FC9 /* ElementQuizTests.swift */,
				2EE2DA4E258D95D200C88FC9 /* Info.plist */,
			);
			path = ElementQuizTests;
			sourceTree = "<group>";
		};
		2EE2DA56258D95D200C88FC9 /* ElementQuizUITests */ = {
			isa = PBXGroup;
			children = (
				2EE2DA57258D95D200C88FC9 /* ElementQuizUITests.swift */,
				2EE2DA59258D95D200C88FC9 /* Info.plist */,
			);
			path = ElementQuizUITests;
			sourceTree = "<group>";
		};
/* End PBXGroup section */

/* Begin PBXNativeTarget section */
		2EE2DA31258D95D100C88FC9 /* ElementQuiz */ = {
			isa = PBXNativeTarget;
			buildConfigurationList = 2EE2DA5C258D95D200C88FC9 /* Build configuration list for PBXNativeTarget "ElementQuiz" */;
			buildPhases = (
				2EE2DA2E258D95D100C88FC9 /* Sources */,
				2EE2DA2F258D95D100C88FC9 /* Frameworks */,
				2EE2DA30258D95D100C88FC9 /* Resources */,
			);
			buildRules = (
			);
			dependencies = (
			);
			name = ElementQuiz;
			productName = ElementQuiz;
			productReference = 2EE2DA32258D95D100C88FC9 /* ElementQuiz.app */;
			productType = "com.apple.product-type.application";
		};
		2EE2DA47258D95D200C88FC9 /* ElementQuizTests */ = {
			isa = PBXNativeTarget;
			buildConfigurationList = 2EE2DA5F258D95D200C88FC9 /* Build configuration list for PBXNativeTarget "ElementQuizTests" */;
			buildPhases = (
				2EE2DA44258D95D200C88FC9 /* Sources */,
				2EE2DA45258D95D200C88FC9 /* Frameworks */,
				2EE2DA46258D95D200C88FC9 /* Resources */,
			);
			buildRules = (
			);
			dependencies = (
				2EE2DA4A258D95D200C88FC9 /* PBXTargetDependency */,
			);
			name = ElementQuizTests;
			productName = ElementQuizTests;
			productReference = 2EE2DA48258D95D200C88FC9 /* ElementQuizTests.xctest */;
			productType = "com.apple.product-type.bundle.unit-test";
		};
		2EE2DA52258D95D200C88FC9 /* ElementQuizUITests */ = {
			isa = PBXNativeTarget;
			buildConfigurationList = 2EE2DA62258D95D200C88FC9 /* Build configuration list for PBXNativeTarget "ElementQuizUITests" */;
			buildPhases = (
				2EE2DA4F258D95D200C88FC9 /* Sources */,
				2EE2DA50258D95D200C88FC9 /* Frameworks */,
				2EE2DA51258D95D200C88FC9 /* Resources */,
			);
			buildRules = (
			);
			dependencies = (
				2EE2DA55258D95D200C88FC9 /* PBXTargetDependency */,
			);
			name = ElementQuizUITests;
			productName = ElementQuizUITests;
			productReference = 2EE2DA53258D95D200C88FC9 /* ElementQuizUITests.xctest */;
			productType = "com.apple.product-type.bundle.ui-testing";
		};
/* End PBXNativeTarget section */

/* Begin PBXProject section */
		2EE2DA2A258D95D100C88FC9 /* Project object */ = {
			isa = PBXProject;
			attributes = {
				LastSwiftUpdateCheck = 1160;
				LastUpgradeCheck = 1160;
				ORGANIZATIONNAME = "Zoe Ng";
				TargetAttributes = {
					2EE2DA31258D95D100C88FC9 = {
						CreatedOnToolsVersion = 11.6;
					};
					2EE2DA47258D95D200C88FC9 = {
						CreatedOnToolsVersion = 11.6;
						TestTargetID = 2EE2DA31258D95D100C88FC9;
					};
					2EE2DA52258D95D200C88FC9 = {
						CreatedOnToolsVersion = 11.6;
						TestTargetID = 2EE2DA31258D95D100C88FC9;
					};
				};
			};
			buildConfigurationList = 2EE2DA2D258D95D100C88FC9 /* Build configuration list for PBXProject "ElementQuiz" */;
			compatibilityVersion = "Xcode 9.3";
			developmentRegion = en;
			hasScannedForEncodings = 0;
			knownRegions = (
				en,
				Base,
			);
			mainGroup = 2EE2DA29258D95D100C88FC9;
			productRefGroup = 2EE2DA33258D95D100C88FC9 /* Products */;
			projectDirPath = "";
			projectRoot = "";
			targets = (
				2EE2DA31258D95D100C88FC9 /* ElementQuiz */,
				2EE2DA47258D95D200C88FC9 /* ElementQuizTests */,
				2EE2DA52258D95D200C88FC9 /* ElementQuizUITests */,
			);
		};
/* End PBXProject section */

/* Begin PBXResourcesBuildPhase section */
		2EE2DA30258D95D100C88FC9 /* Resources */ = {
			isa = PBXResourcesBuildPhase;
			buildActionMask = 2147483647;
			files = (
				2EE2DA42258D95D100C88FC9 /* LaunchScreen.storyboard in Resources */,
				2EE2DA3F258D95D100C88FC9 /* Assets.xcassets in Resources */,
				2EE2DA3D258D95D100C88FC9 /* Main.storyboard in Resources */,
			);
			runOnlyForDeploymentPostprocessing = 0;
		};
		2EE2DA46258D95D200C88FC9 /* Resources */ = {
			isa = PBXResourcesBuildPhase;
			buildActionMask = 2147483647;
			files = (
			);
			runOnlyForDeploymentPostprocessing = 0;
		};
		2EE2DA51258D95D200C88FC9 /* Resources */ = {
			isa = PBXResourcesBuildPhase;
			buildActionMask = 2147483647;
			files = (
			);
			runOnlyForDeploymentPostprocessing = 0;
		};
/* End PBXResourcesBuildPhase section */

/* Begin PBXSourcesBuildPhase section */
		2EE2DA2E258D95D100C88FC9 /* Sources */ = {
			isa = PBXSourcesBuildPhase;
			buildActionMask = 2147483647;
			files = (
				2EE2DA3A258D95D100C88FC9 /* ViewController.swift in Sources */,
				2EE2DA36258D95D100C88FC9 /* AppDelegate.swift in Sources */,
				2EE2DA38258D95D100C88FC9 /* SceneDelegate.swift in Sources */,
			);
			runOnlyForDeploymentPostprocessing = 0;
		};
		2EE2DA44258D95D200C88FC9 /* Sources */ = {
			isa = PBXSourcesBuildPhase;
			buildActionMask = 2147483647;
			files = (
				2EE2DA4D258D95D200C88FC9 /* ElementQuizTests.swift in Sources */,
			);
			runOnlyForDeploymentPostprocessing = 0;
		};
		2EE2DA4F258D95D200C88FC9 /* Sources */ = {
			isa = PBXSourcesBuildPhase;
			buildActionMask = 2147483647;
			files = (
				2EE2DA58258D95D200C88FC9 /* ElementQuizUITests.swift in Sources */,
			);
			runOnlyForDeploymentPostprocessing = 0;
		};
/* End PBXSourcesBuildPhase section */

/* Begin PBXTargetDependency section */
		2EE2DA4A258D95D200C88FC9 /* PBXTargetDependency */ = {
			isa = PBXTargetDependency;
			target = 2EE2DA31258D95D100C88FC9 /* ElementQuiz */;
			targetProxy = 2EE2DA49258D95D200C88FC9 /* PBXContainerItemProxy */;
		};
		2EE2DA55258D95D200C88FC9 /* PBXTargetDependency */ = {
			isa = PBXTargetDependency;
			target = 2EE2DA31258D95D100C88FC9 /* ElementQuiz */;
			targetProxy = 2EE2DA54258D95D200C88FC9 /* PBXContainerItemProxy */;
		};
/* End PBXTargetDependency section */

/* Begin PBXVariantGroup section */
		2EE2DA3B258D95D100C88FC9 /* Main.storyboard */ = {
			isa = PBXVariantGroup;
			children = (
				2EE2DA3C258D95D100C88FC9 /* Base */,
			);
			name = Main.storyboard;
			sourceTree = "<group>";
		};
		2EE2DA40258D95D100C88FC9 /* LaunchScreen.storyboard */ = {
			isa = PBXVariantGroup;
			children = (
				2EE2DA41258D95D100C88FC9 /* Base */,
			);
			name = LaunchScreen.storyboard;
			sourceTree = "<group>";
		};
/* End PBXVariantGroup section */

/* Begin XCBuildConfiguration section */
		2EE2DA5A258D95D200C88FC9 /* Debug */ = {
			isa = XCBuildConfiguration;
			buildSettings = {
				ALWAYS_SEARCH_USER_PATHS = NO;
				CLANG_ANALYZER_NONNULL = YES;
				CLANG_ANALYZER_NUMBER_OBJECT_CONVERSION = YES_AGGRESSIVE;
				CLANG_CXX_LANGUAGE_STANDARD = "gnu++14";
				CLANG_CXX_LIBRARY = "libc++";
				CLANG_ENABLE_MODULES = YES;
				CLANG_ENABLE_OBJC_ARC = YES;
				CLANG_ENABLE_OBJC_WEAK = YES;
				CLANG_WARN_BLOCK_CAPTURE_AUTORELEASING = YES;
				CLANG_WARN_BOOL_CONVERSION = YES;
				CLANG_WARN_COMMA = YES;
				CLANG_WARN_CONSTANT_CONVERSION = YES;
				CLANG_WARN_DEPRECATED_OBJC_IMPLEMENTATIONS = YES;
				CLANG_WARN_DIRECT_OBJC_ISA_USAGE = YES_ERROR;
				CLANG_WARN_DOCUMENTATION_COMMENTS = YES;
				CLANG_WARN_EMPTY_BODY = YES;
				CLANG_WARN_ENUM_CONVERSION = YES;
				CLANG_WARN_INFINITE_RECURSION = YES;
				CLANG_WARN_INT_CONVERSION = YES;
				CLANG_WARN_NON_LITERAL_NULL_CONVERSION = YES;
				CLANG_WARN_OBJC_IMPLICIT_RETAIN_SELF = YES;
				CLANG_WARN_OBJC_LITERAL_CONVERSION = YES;
				CLANG_WARN_OBJC_ROOT_CLASS = YES_ERROR;
				CLANG_WARN_RANGE_LOOP_ANALYSIS = YES;
				CLANG_WARN_STRICT_PROTOTYPES = YES;
				CLANG_WARN_SUSPICIOUS_MOVE = YES;
				CLANG_WARN_UNGUARDED_AVAILABILITY = YES_AGGRESSIVE;
				CLANG_WARN_UNREACHABLE_CODE = YES;
				CLANG_WARN__DUPLICATE_METHOD_MATCH = YES;
				COPY_PHASE_STRIP = NO;
				DEBUG_INFORMATION_FORMAT = dwarf;
				ENABLE_STRICT_OBJC_MSGSEND = YES;
				ENABLE_TESTABILITY = YES;
				GCC_C_LANGUAGE_STANDARD = gnu11;
				GCC_DYNAMIC_NO_PIC = NO;
				GCC_NO_COMMON_BLOCKS = YES;
				GCC_OPTIMIZATION_LEVEL = 0;
				GCC_PREPROCESSOR_DEFINITIONS = (
					"DEBUG=1",
					"$(inherited)",
				);
				GCC_WARN_64_TO_32_BIT_CONVERSION = YES;
				GCC_WARN_ABOUT_RETURN_TYPE = YES_ERROR;
				GCC_WARN_UNDECLARED_SELECTOR = YES;
				GCC_WARN_UNINITIALIZED_AUTOS = YES_AGGRESSIVE;
				GCC_WARN_UNUSED_FUNCTION = YES;
				GCC_WARN_UNUSED_VARIABLE = YES;
				IPHONEOS_DEPLOYMENT_TARGET = 13.6;
				MTL_ENABLE_DEBUG_INFO = INCLUDE_SOURCE;
				MTL_FAST_MATH = YES;
				ONLY_ACTIVE_ARCH = YES;
				SDKROOT = iphoneos;
				SWIFT_ACTIVE_COMPILATION_CONDITIONS = DEBUG;
				SWIFT_OPTIMIZATION_LEVEL = "-Onone";
			};
			name = Debug;
		};
		2EE2DA5B258D95D200C88FC9 /* Release */ = {
			isa = XCBuildConfiguration;
			buildSettings = {
				ALWAYS_SEARCH_USER_PATHS = NO;
				CLANG_ANALYZER_NONNULL = YES;
				CLANG_ANALYZER_NUMBER_OBJECT_CONVERSION = YES_AGGRESSIVE;
				CLANG_CXX_LANGUAGE_STANDARD = "gnu++14";
				CLANG_CXX_LIBRARY = "libc++";
				CLANG_ENABLE_MODULES = YES;
				CLANG_ENABLE_OBJC_ARC = YES;
				CLANG_ENABLE_OBJC_WEAK = YES;
				CLANG_WARN_BLOCK_CAPTURE_AUTORELEASING = YES;
				CLANG_WARN_BOOL_CONVERSION = YES;
				CLANG_WARN_COMMA = YES;
				CLANG_WARN_CONSTANT_CONVERSION = YES;
				CLANG_WARN_DEPRECATED_OBJC_IMPLEMENTATIONS = YES;
				CLANG_WARN_DIRECT_OBJC_ISA_USAGE = YES_ERROR;
				CLANG_WARN_DOCUMENTATION_COMMENTS = YES;
				CLANG_WARN_EMPTY_BODY = YES;
				CLANG_WARN_ENUM_CONVERSION = YES;
				CLANG_WARN_INFINITE_RECURSION = YES;
				CLANG_WARN_INT_CONVERSION = YES;
				CLANG_WARN_NON_LITERAL_NULL_CONVERSION = YES;
				CLANG_WARN_OBJC_IMPLICIT_RETAIN_SELF = YES;
				CLANG_WARN_OBJC_LITERAL_CONVERSION = YES;
				CLANG_WARN_OBJC_ROOT_CLASS = YES_ERROR;
				CLANG_WARN_RANGE_LOOP_ANALYSIS = YES;
				CLANG_WARN_STRICT_PROTOTYPES = YES;
				CLANG_WARN_SUSPICIOUS_MOVE = YES;
				CLANG_WARN_UNGUARDED_AVAILABILITY = YES_AGGRESSIVE;
				CLANG_WARN_UNREACHABLE_CODE = YES;
				CLANG_WARN__DUPLICATE_METHOD_MATCH = YES;
				COPY_PHASE_STRIP = NO;
				DEBUG_INFORMATION_FORMAT = "dwarf-with-dsym";
				ENABLE_NS_ASSERTIONS = NO;
				ENABLE_STRICT_OBJC_MSGSEND = YES;
				GCC_C_LANGUAGE_STANDARD = gnu11;
				GCC_NO_COMMON_BLOCKS = YES;
				GCC_WARN_64_TO_32_BIT_CONVERSION = YES;
				GCC_WARN_ABOUT_RETURN_TYPE = YES_ERROR;
				GCC_WARN_UNDECLARED_SELECTOR = YES;
				GCC_WARN_UNINITIALIZED_AUTOS = YES_AGGRESSIVE;
				GCC_WARN_UNUSED_FUNCTION = YES;
				GCC_WARN_UNUSED_VARIABLE = YES;
				IPHONEOS_DEPLOYMENT_TARGET = 13.6;
				MTL_ENABLE_DEBUG_INFO = NO;
				MTL_FAST_MATH = YES;
				SDKROOT = iphoneos;
				SWIFT_COMPILATION_MODE = wholemodule;
				SWIFT_OPTIMIZATION_LEVEL = "-O";
				VALIDATE_PRODUCT = YES;
			};
			name = Release;
		};
		2EE2DA5D258D95D200C88FC9 /* Debug */ = {
			isa = XCBuildConfiguration;
			buildSettings = {
				ASSETCATALOG_COMPILER_APPICON_NAME = AppIcon;
				CODE_SIGN_STYLE = Automatic;
				INFOPLIST_FILE = ElementQuiz/Info.plist;
				LD_RUNPATH_SEARCH_PATHS = (
					"$(inherited)",
					"@executable_path/Frameworks",
				);
				PRODUCT_BUNDLE_IDENTIFIER = org.ElementQuiz;
				PRODUCT_NAME = "$(TARGET_NAME)";
				SWIFT_VERSION = 5.0;
				TARGETED_DEVICE_FAMILY = "1,2";
			};
			name = Debug;
		};
		2EE2DA5E258D95D200C88FC9 /* Release */ = {
			isa = XCBuildConfiguration;
			buildSettings = {
				ASSETCATALOG_COMPILER_APPICON_NAME = AppIcon;
				CODE_SIGN_STYLE = Automatic;
				INFOPLIST_FILE = ElementQuiz/Info.plist;
				LD_RUNPATH_SEARCH_PATHS = (
					"$(inherited)",
					"@executable_path/Frameworks",
				);
				PRODUCT_BUNDLE_IDENTIFIER = org.ElementQuiz;
				PRODUCT_NAME = "$(TARGET_NAME)";
				SWIFT_VERSION = 5.0;
				TARGETED_DEVICE_FAMILY = "1,2";
			};
			name = Release;
		};
		2EE2DA60258D95D200C88FC9 /* Debug */ = {
			isa = XCBuildConfiguration;
			buildSettings = {
				ALWAYS_EMBED_SWIFT_STANDARD_LIBRARIES = YES;
				BUNDLE_LOADER = "$(TEST_HOST)";
				CODE_SIGN_STYLE = Automatic;
				INFOPLIST_FILE = ElementQuizTests/Info.plist;
				IPHONEOS_DEPLOYMENT_TARGET = 13.6;
				LD_RUNPATH_SEARCH_PATHS = (
					"$(inherited)",
					"@executable_path/Frameworks",
					"@loader_path/Frameworks",
				);
				PRODUCT_BUNDLE_IDENTIFIER = org.ElementQuizTests;
				PRODUCT_NAME = "$(TARGET_NAME)";
				SWIFT_VERSION = 5.0;
				TARGETED_DEVICE_FAMILY = "1,2";
				TEST_HOST = "$(BUILT_PRODUCTS_DIR)/ElementQuiz.app/ElementQuiz";
			};
			name = Debug;
		};
		2EE2DA61258D95D200C88FC9 /* Release */ = {
			isa = XCBuildConfiguration;
			buildSettings = {
				ALWAYS_EMBED_SWIFT_STANDARD_LIBRARIES = YES;
				BUNDLE_LOADER = "$(TEST_HOST)";
				CODE_SIGN_STYLE = Automatic;
				INFOPLIST_FILE = ElementQuizTests/Info.plist;
				IPHONEOS_DEPLOYMENT_TARGET = 13.6;
				LD_RUNPATH_SEARCH_PATHS = (
					"$(inherited)",
					"@executable_path/Frameworks",
					"@loader_path/Frameworks",
				);
				PRODUCT_BUNDLE_IDENTIFIER = org.ElementQuizTests;
				PRODUCT_NAME = "$(TARGET_NAME)";
				SWIFT_VERSION = 5.0;
				TARGETED_DEVICE_FAMILY = "1,2";
				TEST_HOST = "$(BUILT_PRODUCTS_DIR)/ElementQuiz.app/ElementQuiz";
			};
			name = Release;
		};
		2EE2DA63258D95D200C88FC9 /* Debug */ = {
			isa = XCBuildConfiguration;
			buildSettings = {
				ALWAYS_EMBED_SWIFT_STANDARD_LIBRARIES = YES;
				CODE_SIGN_STYLE = Automatic;
				INFOPLIST_FILE = ElementQuizUITests/Info.plist;
				LD_RUNPATH_SEARCH_PATHS = (
					"$(inherited)",
					"@executable_path/Frameworks",
					"@loader_path/Frameworks",
				);
				PRODUCT_BUNDLE_IDENTIFIER = org.ElementQuizUITests;
				PRODUCT_NAME = "$(TARGET_NAME)";
				SWIFT_VERSION = 5.0;
				TARGETED_DEVICE_FAMILY = "1,2";
				TEST_TARGET_NAME = ElementQuiz;
			};
			name = Debug;
		};
		2EE2DA64258D95D200C88FC9 /* Release */ = {
			isa = XCBuildConfiguration;
			buildSettings = {
				ALWAYS_EMBED_SWIFT_STANDARD_LIBRARIES = YES;
				CODE_SIGN_STYLE = Automatic;
				INFOPLIST_FILE = ElementQuizUITests/Info.plist;
				LD_RUNPATH_SEARCH_PATHS = (
					"$(inherited)",
					"@executable_path/Frameworks",
					"@loader_path/Frameworks",
				);
				PRODUCT_BUNDLE_IDENTIFIER = org.ElementQuizUITests;
				PRODUCT_NAME = "$(TARGET_NAME)";
				SWIFT_VERSION = 5.0;
				TARGETED_DEVICE_FAMILY = "1,2";
				TEST_TARGET_NAME = ElementQuiz;
			};
			name = Release;
		};
/* End XCBuildConfiguration section */

/* Begin XCConfigurationList section */
		2EE2DA2D258D95D100C88FC9 /* Build configuration list for PBXProject "ElementQuiz" */ = {
			isa = XCConfigurationList;
			buildConfigurations = (
				2EE2DA5A258D95D200C88FC9 /* Debug */,
				2EE2DA5B258D95D200C88FC9 /* Release */,
			);
			defaultConfigurationIsVisible = 0;
			defaultConfigurationName = Release;
		};
		2EE2DA5C258D95D200C88FC9 /* Build configuration list for PBXNativeTarget "ElementQuiz" */ = {
			isa = XCConfigurationList;
			buildConfigurations = (
				2EE2DA5D258D95D200C88FC9 /* Debug */,
				2EE2DA5E258D95D200C88FC9 /* Release */,
			);
			defaultConfigurationIsVisible = 0;
			defaultConfigurationName = Release;
		};
		2EE2DA5F258D95D200C88FC9 /* Build configuration list for PBXNativeTarget "ElementQuizTests" */ = {
			isa = XCConfigurationList;
			buildConfigurations = (
				2EE2DA60258D95D200C88FC9 /* Debug */,
				2EE2DA61258D95D200C88FC9 /* Release */,
			);
			defaultConfigurationIsVisible = 0;
			defaultConfigurationName = Release;
		};
		2EE2DA62258D95D200C88FC9 /* Build configuration list for PBXNativeTarget "ElementQuizUITests" */ = {
			isa = XCConfigurationList;
			buildConfigurations = (
				2EE2DA63258D95D200C88FC9 /* Debug */,
				2EE2DA64258D95D200C88FC9 /* Release */,
			);
			defaultConfigurationIsVisible = 0;
			defaultConfigurationName = Release;
		};
/* End XCConfigurationList section */
	};
	rootObject = 2EE2DA2A258D95D100C88FC9 /* Project object */;
}
